// !$*UTF8*$!
{
	archiveVersion = 1;
	classes = {
	};
	objectVersion = 50;
	objects = {

/* Begin PBXBuildFile section */
		1E1CC45026BF15C0007A2F46 /* MapViewController.swift in Sources */ = {isa = PBXBuildFile; fileRef = 1E1CC44F26BF15C0007A2F46 /* MapViewController.swift */; };
		1E1CC45226BF15FE007A2F46 /* EarthQuakeListViewController.swift in Sources */ = {isa = PBXBuildFile; fileRef = 1E1CC45126BF15FE007A2F46 /* EarthQuakeListViewController.swift */; };
		1E1CC45926BF192C007A2F46 /* EarthQuakeItemCell.swift in Sources */ = {isa = PBXBuildFile; fileRef = 1E1CC45826BF192C007A2F46 /* EarthQuakeItemCell.swift */; };
		1E1CC45C26C13CE6007A2F46 /* Connectivity.swift in Sources */ = {isa = PBXBuildFile; fileRef = 1E1CC45B26C13CE6007A2F46 /* Connectivity.swift */; };
		1E1CC45F26C13D24007A2F46 /* Constants.swift in Sources */ = {isa = PBXBuildFile; fileRef = 1E1CC45E26C13D24007A2F46 /* Constants.swift */; };
		1E1CC46126C13D68007A2F46 /* NetworkManager.swift in Sources */ = {isa = PBXBuildFile; fileRef = 1E1CC46026C13D68007A2F46 /* NetworkManager.swift */; };
		1E1CC46326C13F12007A2F46 /* EarthQuakeListViewModel.swift in Sources */ = {isa = PBXBuildFile; fileRef = 1E1CC46226C13F12007A2F46 /* EarthQuakeListViewModel.swift */; };
		1E1CC46626C13F30007A2F46 /* EarthQuakeListViewModelService.swift in Sources */ = {isa = PBXBuildFile; fileRef = 1E1CC46526C13F30007A2F46 /* EarthQuakeListViewModelService.swift */; };
		1E1CC46926C13F95007A2F46 /* EarthQuakeApi.swift in Sources */ = {isa = PBXBuildFile; fileRef = 1E1CC46826C13F95007A2F46 /* EarthQuakeApi.swift */; };
		1E1CC46B26C13FD8007A2F46 /* EarthQuakeItem.swift in Sources */ = {isa = PBXBuildFile; fileRef = 1E1CC46A26C13FD8007A2F46 /* EarthQuakeItem.swift */; };
		1E1CC46D26C1412F007A2F46 /* ErrorManager.swift in Sources */ = {isa = PBXBuildFile; fileRef = 1E1CC46C26C1412F007A2F46 /* ErrorManager.swift */; };
		1E1CC47226C152D2007A2F46 /* UIViewController.swift in Sources */ = {isa = PBXBuildFile; fileRef = 1E1CC47126C152D2007A2F46 /* UIViewController.swift */; };
		1E93EA4C26BDFB7F00885977 /* AppDelegate.swift in Sources */ = {isa = PBXBuildFile; fileRef = 1E93EA4B26BDFB7F00885977 /* AppDelegate.swift */; };
		1E93EA4E26BDFB7F00885977 /* SceneDelegate.swift in Sources */ = {isa = PBXBuildFile; fileRef = 1E93EA4D26BDFB7F00885977 /* SceneDelegate.swift */; };
		1E93EA5326BDFB7F00885977 /* Main.storyboard in Resources */ = {isa = PBXBuildFile; fileRef = 1E93EA5126BDFB7F00885977 /* Main.storyboard */; };
		1E93EA5526BDFB8100885977 /* Assets.xcassets in Resources */ = {isa = PBXBuildFile; fileRef = 1E93EA5426BDFB8100885977 /* Assets.xcassets */; };
		1E93EA5826BDFB8100885977 /* LaunchScreen.storyboard in Resources */ = {isa = PBXBuildFile; fileRef = 1E93EA5626BDFB8100885977 /* LaunchScreen.storyboard */; };
		1E93EA6326BDFB8100885977 /* EarthQuakeLocationsTests.swift in Sources */ = {isa = PBXBuildFile; fileRef = 1E93EA6226BDFB8100885977 /* EarthQuakeLocationsTests.swift */; };
		1E93EA6E26BDFB8100885977 /* EarthQuakeLocationsUITests.swift in Sources */ = {isa = PBXBuildFile; fileRef = 1E93EA6D26BDFB8100885977 /* EarthQuakeLocationsUITests.swift */; };
/* End PBXBuildFile section */

/* Begin PBXContainerItemProxy section */
		1E93EA5F26BDFB8100885977 /* PBXContainerItemProxy */ = {
			isa = PBXContainerItemProxy;
			containerPortal = 1E93EA4026BDFB7F00885977 /* Project object */;
			proxyType = 1;
			remoteGlobalIDString = 1E93EA4726BDFB7F00885977;
			remoteInfo = EarthQuakeLocations;
		};
		1E93EA6A26BDFB8100885977 /* PBXContainerItemProxy */ = {
			isa = PBXContainerItemProxy;
			containerPortal = 1E93EA4026BDFB7F00885977 /* Project object */;
			proxyType = 1;
			remoteGlobalIDString = 1E93EA4726BDFB7F00885977;
			remoteInfo = EarthQuakeLocations;
		};
/* End PBXContainerItemProxy section */

/* Begin PBXFileReference section */
		1E1CC44F26BF15C0007A2F46 /* MapViewController.swift */ = {isa = PBXFileReference; lastKnownFileType = sourcecode.swift; path = MapViewController.swift; sourceTree = "<group>"; };
		1E1CC45126BF15FE007A2F46 /* EarthQuakeListViewController.swift */ = {isa = PBXFileReference; lastKnownFileType = sourcecode.swift; path = EarthQuakeListViewController.swift; sourceTree = "<group>"; };
		1E1CC45826BF192C007A2F46 /* EarthQuakeItemCell.swift */ = {isa = PBXFileReference; lastKnownFileType = sourcecode.swift; path = EarthQuakeItemCell.swift; sourceTree = "<group>"; };
		1E1CC45B26C13CE6007A2F46 /* Connectivity.swift */ = {isa = PBXFileReference; lastKnownFileType = sourcecode.swift; path = Connectivity.swift; sourceTree = "<group>"; };
		1E1CC45E26C13D24007A2F46 /* Constants.swift */ = {isa = PBXFileReference; lastKnownFileType = sourcecode.swift; path = Constants.swift; sourceTree = "<group>"; };
		1E1CC46026C13D68007A2F46 /* NetworkManager.swift */ = {isa = PBXFileReference; lastKnownFileType = sourcecode.swift; path = NetworkManager.swift; sourceTree = "<group>"; };
		1E1CC46226C13F12007A2F46 /* EarthQuakeListViewModel.swift */ = {isa = PBXFileReference; lastKnownFileType = sourcecode.swift; path = EarthQuakeListViewModel.swift; sourceTree = "<group>"; };
		1E1CC46526C13F30007A2F46 /* EarthQuakeListViewModelService.swift */ = {isa = PBXFileReference; lastKnownFileType = sourcecode.swift; path = EarthQuakeListViewModelService.swift; sourceTree = "<group>"; };
		1E1CC46826C13F95007A2F46 /* EarthQuakeApi.swift */ = {isa = PBXFileReference; lastKnownFileType = sourcecode.swift; path = EarthQuakeApi.swift; sourceTree = "<group>"; };
		1E1CC46A26C13FD8007A2F46 /* EarthQuakeItem.swift */ = {isa = PBXFileReference; lastKnownFileType = sourcecode.swift; path = EarthQuakeItem.swift; sourceTree = "<group>"; };
		1E1CC46C26C1412F007A2F46 /* ErrorManager.swift */ = {isa = PBXFileReference; lastKnownFileType = sourcecode.swift; path = ErrorManager.swift; sourceTree = "<group>"; };
		1E1CC47126C152D2007A2F46 /* UIViewController.swift */ = {isa = PBXFileReference; lastKnownFileType = sourcecode.swift; path = UIViewController.swift; sourceTree = "<group>"; };
		1E93EA4826BDFB7F00885977 /* EarthQuakeLocations.app */ = {isa = PBXFileReference; explicitFileType = wrapper.application; includeInIndex = 0; path = EarthQuakeLocations.app; sourceTree = BUILT_PRODUCTS_DIR; };
		1E93EA4B26BDFB7F00885977 /* AppDelegate.swift */ = {isa = PBXFileReference; lastKnownFileType = sourcecode.swift; path = AppDelegate.swift; sourceTree = "<group>"; };
		1E93EA4D26BDFB7F00885977 /* SceneDelegate.swift */ = {isa = PBXFileReference; lastKnownFileType = sourcecode.swift; path = SceneDelegate.swift; sourceTree = "<group>"; };
		1E93EA5226BDFB7F00885977 /* Base */ = {isa = PBXFileReference; lastKnownFileType = file.storyboard; name = Base; path = Base.lproj/Main.storyboard; sourceTree = "<group>"; };
		1E93EA5426BDFB8100885977 /* Assets.xcassets */ = {isa = PBXFileReference; lastKnownFileType = folder.assetcatalog; path = Assets.xcassets; sourceTree = "<group>"; };
		1E93EA5726BDFB8100885977 /* Base */ = {isa = PBXFileReference; lastKnownFileType = file.storyboard; name = Base; path = Base.lproj/LaunchScreen.storyboard; sourceTree = "<group>"; };
		1E93EA5926BDFB8100885977 /* Info.plist */ = {isa = PBXFileReference; lastKnownFileType = text.plist.xml; path = Info.plist; sourceTree = "<group>"; };
		1E93EA5E26BDFB8100885977 /* EarthQuakeLocationsTests.xctest */ = {isa = PBXFileReference; explicitFileType = wrapper.cfbundle; includeInIndex = 0; path = EarthQuakeLocationsTests.xctest; sourceTree = BUILT_PRODUCTS_DIR; };
		1E93EA6226BDFB8100885977 /* EarthQuakeLocationsTests.swift */ = {isa = PBXFileReference; lastKnownFileType = sourcecode.swift; path = EarthQuakeLocationsTests.swift; sourceTree = "<group>"; };
		1E93EA6426BDFB8100885977 /* Info.plist */ = {isa = PBXFileReference; lastKnownFileType = text.plist.xml; path = Info.plist; sourceTree = "<group>"; };
		1E93EA6926BDFB8100885977 /* EarthQuakeLocationsUITests.xctest */ = {isa = PBXFileReference; explicitFileType = wrapper.cfbundle; includeInIndex = 0; path = EarthQuakeLocationsUITests.xctest; sourceTree = BUILT_PRODUCTS_DIR; };
		1E93EA6D26BDFB8100885977 /* EarthQuakeLocationsUITests.swift */ = {isa = PBXFileReference; lastKnownFileType = sourcecode.swift; path = EarthQuakeLocationsUITests.swift; sourceTree = "<group>"; };
		1E93EA6F26BDFB8200885977 /* Info.plist */ = {isa = PBXFileReference; lastKnownFileType = text.plist.xml; path = Info.plist; sourceTree = "<group>"; };
/* End PBXFileReference section */

/* Begin PBXFrameworksBuildPhase section */
		1E93EA4526BDFB7F00885977 /* Frameworks */ = {
			isa = PBXFrameworksBuildPhase;
			buildActionMask = 2147483647;
			files = (
			);
			runOnlyForDeploymentPostprocessing = 0;
		};
		1E93EA5B26BDFB8100885977 /* Frameworks */ = {
			isa = PBXFrameworksBuildPhase;
			buildActionMask = 2147483647;
			files = (
			);
			runOnlyForDeploymentPostprocessing = 0;
		};
		1E93EA6626BDFB8100885977 /* Frameworks */ = {
			isa = PBXFrameworksBuildPhase;
			buildActionMask = 2147483647;
			files = (
			);
			runOnlyForDeploymentPostprocessing = 0;
		};
/* End PBXFrameworksBuildPhase section */

/* Begin PBXGroup section */
		1E1CC45326BF17CD007A2F46 /* Storyboards */ = {
			isa = PBXGroup;
			children = (
				1E93EA5126BDFB7F00885977 /* Main.storyboard */,
				1E93EA5626BDFB8100885977 /* LaunchScreen.storyboard */,
			);
			path = Storyboards;
			sourceTree = "<group>";
		};
		1E1CC45426BF17ED007A2F46 /* AppDelegate */ = {
			isa = PBXGroup;
			children = (
				1E93EA4B26BDFB7F00885977 /* AppDelegate.swift */,
				1E93EA4D26BDFB7F00885977 /* SceneDelegate.swift */,
			);
			path = AppDelegate;
			sourceTree = "<group>";
		};
		1E1CC45526BF1825007A2F46 /* Controllers */ = {
			isa = PBXGroup;
			children = (
				1E1CC44F26BF15C0007A2F46 /* MapViewController.swift */,
				1E1CC45126BF15FE007A2F46 /* EarthQuakeListViewController.swift */,
			);
			path = Controllers;
			sourceTree = "<group>";
		};
		1E1CC45726BF18F0007A2F46 /* TableViews */ = {
			isa = PBXGroup;
			children = (
				1E1CC45826BF192C007A2F46 /* EarthQuakeItemCell.swift */,
			);
			path = TableViews;
			sourceTree = "<group>";
		};
		1E1CC45A26C13CCF007A2F46 /* Network */ = {
			isa = PBXGroup;
			children = (
				1E1CC46726C13F7B007A2F46 /* Protocols */,
				1E1CC45B26C13CE6007A2F46 /* Connectivity.swift */,
				1E1CC46026C13D68007A2F46 /* NetworkManager.swift */,
				1E1CC46C26C1412F007A2F46 /* ErrorManager.swift */,
			);
			path = Network;
			sourceTree = "<group>";
		};
		1E1CC45D26C13D07007A2F46 /* Constants */ = {
			isa = PBXGroup;
			children = (
				1E1CC45E26C13D24007A2F46 /* Constants.swift */,
			);
			path = Constants;
			sourceTree = "<group>";
		};
		1E1CC46426C13F19007A2F46 /* Services */ = {
			isa = PBXGroup;
			children = (
				1E1CC46526C13F30007A2F46 /* EarthQuakeListViewModelService.swift */,
			);
			path = Services;
			sourceTree = "<group>";
		};
		1E1CC46726C13F7B007A2F46 /* Protocols */ = {
			isa = PBXGroup;
			children = (
				1E1CC46826C13F95007A2F46 /* EarthQuakeApi.swift */,
			);
			path = Protocols;
			sourceTree = "<group>";
		};
		1E1CC47026C152C6007A2F46 /* Extensions */ = {
			isa = PBXGroup;
			children = (
				1E1CC47126C152D2007A2F46 /* UIViewController.swift */,
			);
			path = Extensions;
			sourceTree = "<group>";
		};
		1E93EA3F26BDFB7F00885977 = {
			isa = PBXGroup;
			children = (
				1E93EA4A26BDFB7F00885977 /* EarthQuakeLocations */,
				1E93EA6126BDFB8100885977 /* EarthQuakeLocationsTests */,
				1E93EA6C26BDFB8100885977 /* EarthQuakeLocationsUITests */,
				1E93EA4926BDFB7F00885977 /* Products */,
			);
			sourceTree = "<group>";
		};
		1E93EA4926BDFB7F00885977 /* Products */ = {
			isa = PBXGroup;
			children = (
				1E93EA4826BDFB7F00885977 /* EarthQuakeLocations.app */,
				1E93EA5E26BDFB8100885977 /* EarthQuakeLocationsTests.xctest */,
				1E93EA6926BDFB8100885977 /* EarthQuakeLocationsUITests.xctest */,
			);
			name = Products;
			sourceTree = "<group>";
		};
		1E93EA4A26BDFB7F00885977 /* EarthQuakeLocations */ = {
			isa = PBXGroup;
			children = (
				1E1CC47026C152C6007A2F46 /* Extensions */,
				1E1CC45426BF17ED007A2F46 /* AppDelegate */,
				1E1CC45A26C13CCF007A2F46 /* Network */,
				1E1CC45D26C13D07007A2F46 /* Constants */,
				1E93EA7D26BE8A1000885977 /* Models */,
				1E1CC46426C13F19007A2F46 /* Services */,
				1E93EA7C26BE8A0900885977 /* ViewModels */,
				1E93EA7B26BE89FF00885977 /* Views */,
				1E1CC45326BF17CD007A2F46 /* Storyboards */,
				1E93EA5426BDFB8100885977 /* Assets.xcassets */,
				1E93EA5926BDFB8100885977 /* Info.plist */,
			);
			path = EarthQuakeLocations;
			sourceTree = "<group>";
		};
		1E93EA6126BDFB8100885977 /* EarthQuakeLocationsTests */ = {
			isa = PBXGroup;
			children = (
				1E93EA6226BDFB8100885977 /* EarthQuakeLocationsTests.swift */,
				1E93EA6426BDFB8100885977 /* Info.plist */,
			);
			path = EarthQuakeLocationsTests;
			sourceTree = "<group>";
		};
		1E93EA6C26BDFB8100885977 /* EarthQuakeLocationsUITests */ = {
			isa = PBXGroup;
			children = (
				1E93EA6D26BDFB8100885977 /* EarthQuakeLocationsUITests.swift */,
				1E93EA6F26BDFB8200885977 /* Info.plist */,
			);
			path = EarthQuakeLocationsUITests;
			sourceTree = "<group>";
		};
		1E93EA7B26BE89FF00885977 /* Views */ = {
			isa = PBXGroup;
			children = (
				1E1CC45726BF18F0007A2F46 /* TableViews */,
				1E1CC45526BF1825007A2F46 /* Controllers */,
			);
			path = Views;
			sourceTree = "<group>";
		};
		1E93EA7C26BE8A0900885977 /* ViewModels */ = {
			isa = PBXGroup;
			children = (
				1E1CC46226C13F12007A2F46 /* EarthQuakeListViewModel.swift */,
			);
			path = ViewModels;
			sourceTree = "<group>";
		};
		1E93EA7D26BE8A1000885977 /* Models */ = {
			isa = PBXGroup;
			children = (
				1E1CC46A26C13FD8007A2F46 /* EarthQuakeItem.swift */,
			);
			path = Models;
			sourceTree = "<group>";
		};
/* End PBXGroup section */

/* Begin PBXNativeTarget section */
		1E93EA4726BDFB7F00885977 /* EarthQuakeLocations */ = {
			isa = PBXNativeTarget;
			buildConfigurationList = 1E93EA7226BDFB8200885977 /* Build configuration list for PBXNativeTarget "EarthQuakeLocations" */;
			buildPhases = (
				1E93EA4426BDFB7F00885977 /* Sources */,
				1E93EA4526BDFB7F00885977 /* Frameworks */,
				1E93EA4626BDFB7F00885977 /* Resources */,
			);
			buildRules = (
			);
			dependencies = (
			);
			name = EarthQuakeLocations;
			productName = EarthQuakeLocations;
			productReference = 1E93EA4826BDFB7F00885977 /* EarthQuakeLocations.app */;
			productType = "com.apple.product-type.application";
		};
		1E93EA5D26BDFB8100885977 /* EarthQuakeLocationsTests */ = {
			isa = PBXNativeTarget;
			buildConfigurationList = 1E93EA7526BDFB8200885977 /* Build configuration list for PBXNativeTarget "EarthQuakeLocationsTests" */;
			buildPhases = (
				1E93EA5A26BDFB8100885977 /* Sources */,
				1E93EA5B26BDFB8100885977 /* Frameworks */,
				1E93EA5C26BDFB8100885977 /* Resources */,
			);
			buildRules = (
			);
			dependencies = (
				1E93EA6026BDFB8100885977 /* PBXTargetDependency */,
			);
			name = EarthQuakeLocationsTests;
			productName = EarthQuakeLocationsTests;
			productReference = 1E93EA5E26BDFB8100885977 /* EarthQuakeLocationsTests.xctest */;
			productType = "com.apple.product-type.bundle.unit-test";
		};
		1E93EA6826BDFB8100885977 /* EarthQuakeLocationsUITests */ = {
			isa = PBXNativeTarget;
			buildConfigurationList = 1E93EA7826BDFB8200885977 /* Build configuration list for PBXNativeTarget "EarthQuakeLocationsUITests" */;
			buildPhases = (
				1E93EA6526BDFB8100885977 /* Sources */,
				1E93EA6626BDFB8100885977 /* Frameworks */,
				1E93EA6726BDFB8100885977 /* Resources */,
			);
			buildRules = (
			);
			dependencies = (
				1E93EA6B26BDFB8100885977 /* PBXTargetDependency */,
			);
			name = EarthQuakeLocationsUITests;
			productName = EarthQuakeLocationsUITests;
			productReference = 1E93EA6926BDFB8100885977 /* EarthQuakeLocationsUITests.xctest */;
			productType = "com.apple.product-type.bundle.ui-testing";
		};
/* End PBXNativeTarget section */

/* Begin PBXProject section */
		1E93EA4026BDFB7F00885977 /* Project object */ = {
			isa = PBXProject;
			attributes = {
				LastSwiftUpdateCheck = 1250;
				LastUpgradeCheck = 1250;
				TargetAttributes = {
					1E93EA4726BDFB7F00885977 = {
						CreatedOnToolsVersion = 12.5.1;
					};
					1E93EA5D26BDFB8100885977 = {
						CreatedOnToolsVersion = 12.5.1;
						TestTargetID = 1E93EA4726BDFB7F00885977;
					};
					1E93EA6826BDFB8100885977 = {
						CreatedOnToolsVersion = 12.5.1;
						TestTargetID = 1E93EA4726BDFB7F00885977;
					};
				};
			};
			buildConfigurationList = 1E93EA4326BDFB7F00885977 /* Build configuration list for PBXProject "EarthQuakeLocations" */;
			compatibilityVersion = "Xcode 9.3";
			developmentRegion = en;
			hasScannedForEncodings = 0;
			knownRegions = (
				en,
				Base,
			);
			mainGroup = 1E93EA3F26BDFB7F00885977;
			productRefGroup = 1E93EA4926BDFB7F00885977 /* Products */;
			projectDirPath = "";
			projectRoot = "";
			targets = (
				1E93EA4726BDFB7F00885977 /* EarthQuakeLocations */,
				1E93EA5D26BDFB8100885977 /* EarthQuakeLocationsTests */,
				1E93EA6826BDFB8100885977 /* EarthQuakeLocationsUITests */,
			);
		};
/* End PBXProject section */

/* Begin PBXResourcesBuildPhase section */
		1E93EA4626BDFB7F00885977 /* Resources */ = {
			isa = PBXResourcesBuildPhase;
			buildActionMask = 2147483647;
			files = (
				1E93EA5826BDFB8100885977 /* LaunchScreen.storyboard in Resources */,
				1E93EA5526BDFB8100885977 /* Assets.xcassets in Resources */,
				1E93EA5326BDFB7F00885977 /* Main.storyboard in Resources */,
			);
			runOnlyForDeploymentPostprocessing = 0;
		};
		1E93EA5C26BDFB8100885977 /* Resources */ = {
			isa = PBXResourcesBuildPhase;
			buildActionMask = 2147483647;
			files = (
			);
			runOnlyForDeploymentPostprocessing = 0;
		};
		1E93EA6726BDFB8100885977 /* Resources */ = {
			isa = PBXResourcesBuildPhase;
			buildActionMask = 2147483647;
			files = (
			);
			runOnlyForDeploymentPostprocessing = 0;
		};
/* End PBXResourcesBuildPhase section */

/* Begin PBXSourcesBuildPhase section */
		1E93EA4426BDFB7F00885977 /* Sources */ = {
			isa = PBXSourcesBuildPhase;
			buildActionMask = 2147483647;
			files = (
				1E1CC47226C152D2007A2F46 /* UIViewController.swift in Sources */,
				1E1CC45226BF15FE007A2F46 /* EarthQuakeListViewController.swift in Sources */,
				1E1CC45926BF192C007A2F46 /* EarthQuakeItemCell.swift in Sources */,
				1E1CC46D26C1412F007A2F46 /* ErrorManager.swift in Sources */,
				1E1CC45F26C13D24007A2F46 /* Constants.swift in Sources */,
				1E1CC46926C13F95007A2F46 /* EarthQuakeApi.swift in Sources */,
				1E1CC45C26C13CE6007A2F46 /* Connectivity.swift in Sources */,
				1E1CC46B26C13FD8007A2F46 /* EarthQuakeItem.swift in Sources */,
				1E1CC46126C13D68007A2F46 /* NetworkManager.swift in Sources */,
				1E1CC45026BF15C0007A2F46 /* MapViewController.swift in Sources */,
				1E93EA4C26BDFB7F00885977 /* AppDelegate.swift in Sources */,
				1E93EA4E26BDFB7F00885977 /* SceneDelegate.swift in Sources */,
				1E1CC46326C13F12007A2F46 /* EarthQuakeListViewModel.swift in Sources */,
				1E1CC46626C13F30007A2F46 /* EarthQuakeListViewModelService.swift in Sources */,
			);
			runOnlyForDeploymentPostprocessing = 0;
		};
		1E93EA5A26BDFB8100885977 /* Sources */ = {
			isa = PBXSourcesBuildPhase;
			buildActionMask = 2147483647;
			files = (
				1E93EA6326BDFB8100885977 /* EarthQuakeLocationsTests.swift in Sources */,
			);
			runOnlyForDeploymentPostprocessing = 0;
		};
		1E93EA6526BDFB8100885977 /* Sources */ = {
			isa = PBXSourcesBuildPhase;
			buildActionMask = 2147483647;
			files = (
				1E93EA6E26BDFB8100885977 /* EarthQuakeLocationsUITests.swift in Sources */,
			);
			runOnlyForDeploymentPostprocessing = 0;
		};
/* End PBXSourcesBuildPhase section */

/* Begin PBXTargetDependency section */
		1E93EA6026BDFB8100885977 /* PBXTargetDependency */ = {
			isa = PBXTargetDependency;
			target = 1E93EA4726BDFB7F00885977 /* EarthQuakeLocations */;
			targetProxy = 1E93EA5F26BDFB8100885977 /* PBXContainerItemProxy */;
		};
		1E93EA6B26BDFB8100885977 /* PBXTargetDependency */ = {
			isa = PBXTargetDependency;
			target = 1E93EA4726BDFB7F00885977 /* EarthQuakeLocations */;
			targetProxy = 1E93EA6A26BDFB8100885977 /* PBXContainerItemProxy */;
		};
/* End PBXTargetDependency section */

/* Begin PBXVariantGroup section */
		1E93EA5126BDFB7F00885977 /* Main.storyboard */ = {
			isa = PBXVariantGroup;
			children = (
				1E93EA5226BDFB7F00885977 /* Base */,
			);
			name = Main.storyboard;
			sourceTree = "<group>";
		};
		1E93EA5626BDFB8100885977 /* LaunchScreen.storyboard */ = {
			isa = PBXVariantGroup;
			children = (
				1E93EA5726BDFB8100885977 /* Base */,
			);
			name = LaunchScreen.storyboard;
			sourceTree = "<group>";
		};
/* End PBXVariantGroup section */

/* Begin XCBuildConfiguration section */
		1E93EA7026BDFB8200885977 /* Debug */ = {
			isa = XCBuildConfiguration;
			buildSettings = {
				ALWAYS_SEARCH_USER_PATHS = NO;
				CLANG_ANALYZER_NONNULL = YES;
				CLANG_ANALYZER_NUMBER_OBJECT_CONVERSION = YES_AGGRESSIVE;
				CLANG_CXX_LANGUAGE_STANDARD = "gnu++14";
				CLANG_CXX_LIBRARY = "libc++";
				CLANG_ENABLE_MODULES = YES;
				CLANG_ENABLE_OBJC_ARC = YES;
				CLANG_ENABLE_OBJC_WEAK = YES;
				CLANG_WARN_BLOCK_CAPTURE_AUTORELEASING = YES;
				CLANG_WARN_BOOL_CONVERSION = YES;
				CLANG_WARN_COMMA = YES;
				CLANG_WARN_CONSTANT_CONVERSION = YES;
				CLANG_WARN_DEPRECATED_OBJC_IMPLEMENTATIONS = YES;
				CLANG_WARN_DIRECT_OBJC_ISA_USAGE = YES_ERROR;
				CLANG_WARN_DOCUMENTATION_COMMENTS = YES;
				CLANG_WARN_EMPTY_BODY = YES;
				CLANG_WARN_ENUM_CONVERSION = YES;
				CLANG_WARN_INFINITE_RECURSION = YES;
				CLANG_WARN_INT_CONVERSION = YES;
				CLANG_WARN_NON_LITERAL_NULL_CONVERSION = YES;
				CLANG_WARN_OBJC_IMPLICIT_RETAIN_SELF = YES;
				CLANG_WARN_OBJC_LITERAL_CONVERSION = YES;
				CLANG_WARN_OBJC_ROOT_CLASS = YES_ERROR;
				CLANG_WARN_QUOTED_INCLUDE_IN_FRAMEWORK_HEADER = YES;
				CLANG_WARN_RANGE_LOOP_ANALYSIS = YES;
				CLANG_WARN_STRICT_PROTOTYPES = YES;
				CLANG_WARN_SUSPICIOUS_MOVE = YES;
				CLANG_WARN_UNGUARDED_AVAILABILITY = YES_AGGRESSIVE;
				CLANG_WARN_UNREACHABLE_CODE = YES;
				CLANG_WARN__DUPLICATE_METHOD_MATCH = YES;
				COPY_PHASE_STRIP = NO;
				DEBUG_INFORMATION_FORMAT = dwarf;
				ENABLE_STRICT_OBJC_MSGSEND = YES;
				ENABLE_TESTABILITY = YES;
				GCC_C_LANGUAGE_STANDARD = gnu11;
				GCC_DYNAMIC_NO_PIC = NO;
				GCC_NO_COMMON_BLOCKS = YES;
				GCC_OPTIMIZATION_LEVEL = 0;
				GCC_PREPROCESSOR_DEFINITIONS = (
					"DEBUG=1",
					"$(inherited)",
				);
				GCC_WARN_64_TO_32_BIT_CONVERSION = YES;
				GCC_WARN_ABOUT_RETURN_TYPE = YES_ERROR;
				GCC_WARN_UNDECLARED_SELECTOR = YES;
				GCC_WARN_UNINITIALIZED_AUTOS = YES_AGGRESSIVE;
				GCC_WARN_UNUSED_FUNCTION = YES;
				GCC_WARN_UNUSED_VARIABLE = YES;
				IPHONEOS_DEPLOYMENT_TARGET = 14.5;
				MTL_ENABLE_DEBUG_INFO = INCLUDE_SOURCE;
				MTL_FAST_MATH = YES;
				ONLY_ACTIVE_ARCH = YES;
				SDKROOT = iphoneos;
				SWIFT_ACTIVE_COMPILATION_CONDITIONS = DEBUG;
				SWIFT_OPTIMIZATION_LEVEL = "-Onone";
			};
			name = Debug;
		};
		1E93EA7126BDFB8200885977 /* Release */ = {
			isa = XCBuildConfiguration;
			buildSettings = {
				ALWAYS_SEARCH_USER_PATHS = NO;
				CLANG_ANALYZER_NONNULL = YES;
				CLANG_ANALYZER_NUMBER_OBJECT_CONVERSION = YES_AGGRESSIVE;
				CLANG_CXX_LANGUAGE_STANDARD = "gnu++14";
				CLANG_CXX_LIBRARY = "libc++";
				CLANG_ENABLE_MODULES = YES;
				CLANG_ENABLE_OBJC_ARC = YES;
				CLANG_ENABLE_OBJC_WEAK = YES;
				CLANG_WARN_BLOCK_CAPTURE_AUTORELEASING = YES;
				CLANG_WARN_BOOL_CONVERSION = YES;
				CLANG_WARN_COMMA = YES;
				CLANG_WARN_CONSTANT_CONVERSION = YES;
				CLANG_WARN_DEPRECATED_OBJC_IMPLEMENTATIONS = YES;
				CLANG_WARN_DIRECT_OBJC_ISA_USAGE = YES_ERROR;
				CLANG_WARN_DOCUMENTATION_COMMENTS = YES;
				CLANG_WARN_EMPTY_BODY = YES;
				CLANG_WARN_ENUM_CONVERSION = YES;
				CLANG_WARN_INFINITE_RECURSION = YES;
				CLANG_WARN_INT_CONVERSION = YES;
				CLANG_WARN_NON_LITERAL_NULL_CONVERSION = YES;
				CLANG_WARN_OBJC_IMPLICIT_RETAIN_SELF = YES;
				CLANG_WARN_OBJC_LITERAL_CONVERSION = YES;
				CLANG_WARN_OBJC_ROOT_CLASS = YES_ERROR;
				CLANG_WARN_QUOTED_INCLUDE_IN_FRAMEWORK_HEADER = YES;
				CLANG_WARN_RANGE_LOOP_ANALYSIS = YES;
				CLANG_WARN_STRICT_PROTOTYPES = YES;
				CLANG_WARN_SUSPICIOUS_MOVE = YES;
				CLANG_WARN_UNGUARDED_AVAILABILITY = YES_AGGRESSIVE;
				CLANG_WARN_UNREACHABLE_CODE = YES;
				CLANG_WARN__DUPLICATE_METHOD_MATCH = YES;
				COPY_PHASE_STRIP = NO;
				DEBUG_INFORMATION_FORMAT = "dwarf-with-dsym";
				ENABLE_NS_ASSERTIONS = NO;
				ENABLE_STRICT_OBJC_MSGSEND = YES;
				GCC_C_LANGUAGE_STANDARD = gnu11;
				GCC_NO_COMMON_BLOCKS = YES;
				GCC_WARN_64_TO_32_BIT_CONVERSION = YES;
				GCC_WARN_ABOUT_RETURN_TYPE = YES_ERROR;
				GCC_WARN_UNDECLARED_SELECTOR = YES;
				GCC_WARN_UNINITIALIZED_AUTOS = YES_AGGRESSIVE;
				GCC_WARN_UNUSED_FUNCTION = YES;
				GCC_WARN_UNUSED_VARIABLE = YES;
				IPHONEOS_DEPLOYMENT_TARGET = 14.5;
				MTL_ENABLE_DEBUG_INFO = NO;
				MTL_FAST_MATH = YES;
				SDKROOT = iphoneos;
				SWIFT_COMPILATION_MODE = wholemodule;
				SWIFT_OPTIMIZATION_LEVEL = "-O";
				VALIDATE_PRODUCT = YES;
			};
			name = Release;
		};
		1E93EA7326BDFB8200885977 /* Debug */ = {
			isa = XCBuildConfiguration;
			buildSettings = {
				ASSETCATALOG_COMPILER_APPICON_NAME = AppIcon;
				ASSETCATALOG_COMPILER_GLOBAL_ACCENT_COLOR_NAME = AccentColor;
				CODE_SIGN_STYLE = Automatic;
				DEVELOPMENT_TEAM = 8333M6GL3P;
				INFOPLIST_FILE = EarthQuakeLocations/Info.plist;
				LD_RUNPATH_SEARCH_PATHS = (
					"$(inherited)",
					"@executable_path/Frameworks",
				);
				PRODUCT_BUNDLE_IDENTIFIER = Demo.EarthQuakeLocations;
				PRODUCT_NAME = "$(TARGET_NAME)";
				SWIFT_VERSION = 5.0;
				TARGETED_DEVICE_FAMILY = "1,2";
			};
			name = Debug;
		};
		1E93EA7426BDFB8200885977 /* Release */ = {
			isa = XCBuildConfiguration;
			buildSettings = {
				ASSETCATALOG_COMPILER_APPICON_NAME = AppIcon;
				ASSETCATALOG_COMPILER_GLOBAL_ACCENT_COLOR_NAME = AccentColor;
				CODE_SIGN_STYLE = Automatic;
				DEVELOPMENT_TEAM = 8333M6GL3P;
				INFOPLIST_FILE = EarthQuakeLocations/Info.plist;
				LD_RUNPATH_SEARCH_PATHS = (
					"$(inherited)",
					"@executable_path/Frameworks",
				);
				PRODUCT_BUNDLE_IDENTIFIER = Demo.EarthQuakeLocations;
				PRODUCT_NAME = "$(TARGET_NAME)";
				SWIFT_VERSION = 5.0;
				TARGETED_DEVICE_FAMILY = "1,2";
			};
			name = Release;
		};
		1E93EA7626BDFB8200885977 /* Debug */ = {
			isa = XCBuildConfiguration;
			buildSettings = {
				ALWAYS_EMBED_SWIFT_STANDARD_LIBRARIES = YES;
				BUNDLE_LOADER = "$(TEST_HOST)";
				CODE_SIGN_STYLE = Automatic;
				DEVELOPMENT_TEAM = 8333M6GL3P;
				INFOPLIST_FILE = EarthQuakeLocationsTests/Info.plist;
				IPHONEOS_DEPLOYMENT_TARGET = 14.5;
				LD_RUNPATH_SEARCH_PATHS = (
					"$(inherited)",
					"@executable_path/Frameworks",
					"@loader_path/Frameworks",
				);
				PRODUCT_BUNDLE_IDENTIFIER = Demo.EarthQuakeLocationsTests;
				PRODUCT_NAME = "$(TARGET_NAME)";
				SWIFT_VERSION = 5.0;
				TARGETED_DEVICE_FAMILY = "1,2";
				TEST_HOST = "$(BUILT_PRODUCTS_DIR)/EarthQuakeLocations.app/EarthQuakeLocations";
			};
			name = Debug;
		};
		1E93EA7726BDFB8200885977 /* Release */ = {
			isa = XCBuildConfiguration;
			buildSettings = {
				ALWAYS_EMBED_SWIFT_STANDARD_LIBRARIES = YES;
				BUNDLE_LOADER = "$(TEST_HOST)";
				CODE_SIGN_STYLE = Automatic;
				DEVELOPMENT_TEAM = 8333M6GL3P;
				INFOPLIST_FILE = EarthQuakeLocationsTests/Info.plist;
				IPHONEOS_DEPLOYMENT_TARGET = 14.5;
				LD_RUNPATH_SEARCH_PATHS = (
					"$(inherited)",
					"@executable_path/Frameworks",
					"@loader_path/Frameworks",
				);
				PRODUCT_BUNDLE_IDENTIFIER = Demo.EarthQuakeLocationsTests;
				PRODUCT_NAME = "$(TARGET_NAME)";
				SWIFT_VERSION = 5.0;
				TARGETED_DEVICE_FAMILY = "1,2";
				TEST_HOST = "$(BUILT_PRODUCTS_DIR)/EarthQuakeLocations.app/EarthQuakeLocations";
			};
			name = Release;
		};
		1E93EA7926BDFB8200885977 /* Debug */ = {
			isa = XCBuildConfiguration;
			buildSettings = {
				ALWAYS_EMBED_SWIFT_STANDARD_LIBRARIES = YES;
				CODE_SIGN_STYLE = Automatic;
				DEVELOPMENT_TEAM = 8333M6GL3P;
				INFOPLIST_FILE = EarthQuakeLocationsUITests/Info.plist;
				LD_RUNPATH_SEARCH_PATHS = (
					"$(inherited)",
					"@executable_path/Frameworks",
					"@loader_path/Frameworks",
				);
				PRODUCT_BUNDLE_IDENTIFIER = Demo.EarthQuakeLocationsUITests;
				PRODUCT_NAME = "$(TARGET_NAME)";
				SWIFT_VERSION = 5.0;
				TARGETED_DEVICE_FAMILY = "1,2";
				TEST_TARGET_NAME = EarthQuakeLocations;
			};
			name = Debug;
		};
		1E93EA7A26BDFB8200885977 /* Release */ = {
			isa = XCBuildConfiguration;
			buildSettings = {
				ALWAYS_EMBED_SWIFT_STANDARD_LIBRARIES = YES;
				CODE_SIGN_STYLE = Automatic;
				DEVELOPMENT_TEAM = 8333M6GL3P;
				INFOPLIST_FILE = EarthQuakeLocationsUITests/Info.plist;
				LD_RUNPATH_SEARCH_PATHS = (
					"$(inherited)",
					"@executable_path/Frameworks",
					"@loader_path/Frameworks",
				);
				PRODUCT_BUNDLE_IDENTIFIER = Demo.EarthQuakeLocationsUITests;
				PRODUCT_NAME = "$(TARGET_NAME)";
				SWIFT_VERSION = 5.0;
				TARGETED_DEVICE_FAMILY = "1,2";
				TEST_TARGET_NAME = EarthQuakeLocations;
			};
			name = Release;
		};
/* End XCBuildConfiguration section */

/* Begin XCConfigurationList section */
		1E93EA4326BDFB7F00885977 /* Build configuration list for PBXProject "EarthQuakeLocations" */ = {
			isa = XCConfigurationList;
			buildConfigurations = (
				1E93EA7026BDFB8200885977 /* Debug */,
				1E93EA7126BDFB8200885977 /* Release */,
			);
			defaultConfigurationIsVisible = 0;
			defaultConfigurationName = Release;
		};
		1E93EA7226BDFB8200885977 /* Build configuration list for PBXNativeTarget "EarthQuakeLocations" */ = {
			isa = XCConfigurationList;
			buildConfigurations = (
				1E93EA7326BDFB8200885977 /* Debug */,
				1E93EA7426BDFB8200885977 /* Release */,
			);
			defaultConfigurationIsVisible = 0;
			defaultConfigurationName = Release;
		};
		1E93EA7526BDFB8200885977 /* Build configuration list for PBXNativeTarget "EarthQuakeLocationsTests" */ = {
			isa = XCConfigurationList;
			buildConfigurations = (
				1E93EA7626BDFB8200885977 /* Debug */,
				1E93EA7726BDFB8200885977 /* Release */,
			);
			defaultConfigurationIsVisible = 0;
			defaultConfigurationName = Release;
		};
		1E93EA7826BDFB8200885977 /* Build configuration list for PBXNativeTarget "EarthQuakeLocationsUITests" */ = {
			isa = XCConfigurationList;
			buildConfigurations = (
				1E93EA7926BDFB8200885977 /* Debug */,
				1E93EA7A26BDFB8200885977 /* Release */,
			);
			defaultConfigurationIsVisible = 0;
			defaultConfigurationName = Release;
		};
/* End XCConfigurationList section */
	};
	rootObject = 1E93EA4026BDFB7F00885977 /* Project object */;
}
