// !$*UTF8*$!
{
	archiveVersion = 1;
	classes = {
	};
	objectVersion = 50;
	objects = {

/* Begin PBXBuildFile section */
		1E93EA1526BDF6CB00885977 /* EarthQuakeLocationsApp.swift in Sources */ = {isa = PBXBuildFile; fileRef = 1E93EA1426BDF6CB00885977 /* EarthQuakeLocationsApp.swift */; };
		1E93EA1726BDF6CB00885977 /* ContentView.swift in Sources */ = {isa = PBXBuildFile; fileRef = 1E93EA1626BDF6CB00885977 /* ContentView.swift */; };
		1E93EA1926BDF6CE00885977 /* Assets.xcassets in Resources */ = {isa = PBXBuildFile; fileRef = 1E93EA1826BDF6CE00885977 /* Assets.xcassets */; };
		1E93EA1C26BDF6CE00885977 /* Preview Assets.xcassets in Resources */ = {isa = PBXBuildFile; fileRef = 1E93EA1B26BDF6CE00885977 /* Preview Assets.xcassets */; };
		1E93EA2726BDF6CF00885977 /* EarthQuakeLocationsTests.swift in Sources */ = {isa = PBXBuildFile; fileRef = 1E93EA2626BDF6CF00885977 /* EarthQuakeLocationsTests.swift */; };
		1E93EA3226BDF6CF00885977 /* EarthQuakeLocationsUITests.swift in Sources */ = {isa = PBXBuildFile; fileRef = 1E93EA3126BDF6CF00885977 /* EarthQuakeLocationsUITests.swift */; };
/* End PBXBuildFile section */

/* Begin PBXContainerItemProxy section */
		1E93EA2326BDF6CF00885977 /* PBXContainerItemProxy */ = {
			isa = PBXContainerItemProxy;
			containerPortal = 1E93EA0926BDF6CB00885977 /* Project object */;
			proxyType = 1;
			remoteGlobalIDString = 1E93EA1026BDF6CB00885977;
			remoteInfo = EarthQuakeLocations;
		};
		1E93EA2E26BDF6CF00885977 /* PBXContainerItemProxy */ = {
			isa = PBXContainerItemProxy;
			containerPortal = 1E93EA0926BDF6CB00885977 /* Project object */;
			proxyType = 1;
			remoteGlobalIDString = 1E93EA1026BDF6CB00885977;
			remoteInfo = EarthQuakeLocations;
		};
/* End PBXContainerItemProxy section */

/* Begin PBXFileReference section */
		1E93EA1126BDF6CB00885977 /* EarthQuakeLocations.app */ = {isa = PBXFileReference; explicitFileType = wrapper.application; includeInIndex = 0; path = EarthQuakeLocations.app; sourceTree = BUILT_PRODUCTS_DIR; };
		1E93EA1426BDF6CB00885977 /* EarthQuakeLocationsApp.swift */ = {isa = PBXFileReference; lastKnownFileType = sourcecode.swift; path = EarthQuakeLocationsApp.swift; sourceTree = "<group>"; };
		1E93EA1626BDF6CB00885977 /* ContentView.swift */ = {isa = PBXFileReference; lastKnownFileType = sourcecode.swift; path = ContentView.swift; sourceTree = "<group>"; };
		1E93EA1826BDF6CE00885977 /* Assets.xcassets */ = {isa = PBXFileReference; lastKnownFileType = folder.assetcatalog; path = Assets.xcassets; sourceTree = "<group>"; };
		1E93EA1B26BDF6CE00885977 /* Preview Assets.xcassets */ = {isa = PBXFileReference; lastKnownFileType = folder.assetcatalog; path = "Preview Assets.xcassets"; sourceTree = "<group>"; };
		1E93EA1D26BDF6CE00885977 /* Info.plist */ = {isa = PBXFileReference; lastKnownFileType = text.plist.xml; path = Info.plist; sourceTree = "<group>"; };
		1E93EA2226BDF6CF00885977 /* EarthQuakeLocationsTests.xctest */ = {isa = PBXFileReference; explicitFileType = wrapper.cfbundle; includeInIndex = 0; path = EarthQuakeLocationsTests.xctest; sourceTree = BUILT_PRODUCTS_DIR; };
		1E93EA2626BDF6CF00885977 /* EarthQuakeLocationsTests.swift */ = {isa = PBXFileReference; lastKnownFileType = sourcecode.swift; path = EarthQuakeLocationsTests.swift; sourceTree = "<group>"; };
		1E93EA2826BDF6CF00885977 /* Info.plist */ = {isa = PBXFileReference; lastKnownFileType = text.plist.xml; path = Info.plist; sourceTree = "<group>"; };
		1E93EA2D26BDF6CF00885977 /* EarthQuakeLocationsUITests.xctest */ = {isa = PBXFileReference; explicitFileType = wrapper.cfbundle; includeInIndex = 0; path = EarthQuakeLocationsUITests.xctest; sourceTree = BUILT_PRODUCTS_DIR; };
		1E93EA3126BDF6CF00885977 /* EarthQuakeLocationsUITests.swift */ = {isa = PBXFileReference; lastKnownFileType = sourcecode.swift; path = EarthQuakeLocationsUITests.swift; sourceTree = "<group>"; };
		1E93EA3326BDF6CF00885977 /* Info.plist */ = {isa = PBXFileReference; lastKnownFileType = text.plist.xml; path = Info.plist; sourceTree = "<group>"; };
/* End PBXFileReference section */

/* Begin PBXFrameworksBuildPhase section */
		1E93EA0E26BDF6CB00885977 /* Frameworks */ = {
			isa = PBXFrameworksBuildPhase;
			buildActionMask = 2147483647;
			files = (
			);
			runOnlyForDeploymentPostprocessing = 0;
		};
		1E93EA1F26BDF6CF00885977 /* Frameworks */ = {
			isa = PBXFrameworksBuildPhase;
			buildActionMask = 2147483647;
			files = (
			);
			runOnlyForDeploymentPostprocessing = 0;
		};
		1E93EA2A26BDF6CF00885977 /* Frameworks */ = {
			isa = PBXFrameworksBuildPhase;
			buildActionMask = 2147483647;
			files = (
			);
			runOnlyForDeploymentPostprocessing = 0;
		};
/* End PBXFrameworksBuildPhase section */

/* Begin PBXGroup section */
		1E93EA0826BDF6CB00885977 = {
			isa = PBXGroup;
			children = (
				1E93EA1326BDF6CB00885977 /* EarthQuakeLocations */,
				1E93EA2526BDF6CF00885977 /* EarthQuakeLocationsTests */,
				1E93EA3026BDF6CF00885977 /* EarthQuakeLocationsUITests */,
				1E93EA1226BDF6CB00885977 /* Products */,
			);
			sourceTree = "<group>";
		};
		1E93EA1226BDF6CB00885977 /* Products */ = {
			isa = PBXGroup;
			children = (
				1E93EA1126BDF6CB00885977 /* EarthQuakeLocations.app */,
				1E93EA2226BDF6CF00885977 /* EarthQuakeLocationsTests.xctest */,
				1E93EA2D26BDF6CF00885977 /* EarthQuakeLocationsUITests.xctest */,
			);
			name = Products;
			sourceTree = "<group>";
		};
		1E93EA1326BDF6CB00885977 /* EarthQuakeLocations */ = {
			isa = PBXGroup;
			children = (
				1E93EA1426BDF6CB00885977 /* EarthQuakeLocationsApp.swift */,
				1E93EA1626BDF6CB00885977 /* ContentView.swift */,
				1E93EA1826BDF6CE00885977 /* Assets.xcassets */,
				1E93EA1D26BDF6CE00885977 /* Info.plist */,
				1E93EA1A26BDF6CE00885977 /* Preview Content */,
			);
			path = EarthQuakeLocations;
			sourceTree = "<group>";
		};
		1E93EA1A26BDF6CE00885977 /* Preview Content */ = {
			isa = PBXGroup;
			children = (
				1E93EA1B26BDF6CE00885977 /* Preview Assets.xcassets */,
			);
			path = "Preview Content";
			sourceTree = "<group>";
		};
		1E93EA2526BDF6CF00885977 /* EarthQuakeLocationsTests */ = {
			isa = PBXGroup;
			children = (
				1E93EA2626BDF6CF00885977 /* EarthQuakeLocationsTests.swift */,
				1E93EA2826BDF6CF00885977 /* Info.plist */,
			);
			path = EarthQuakeLocationsTests;
			sourceTree = "<group>";
		};
		1E93EA3026BDF6CF00885977 /* EarthQuakeLocationsUITests */ = {
			isa = PBXGroup;
			children = (
				1E93EA3126BDF6CF00885977 /* EarthQuakeLocationsUITests.swift */,
				1E93EA3326BDF6CF00885977 /* Info.plist */,
			);
			path = EarthQuakeLocationsUITests;
			sourceTree = "<group>";
		};
/* End PBXGroup section */

/* Begin PBXNativeTarget section */
		1E93EA1026BDF6CB00885977 /* EarthQuakeLocations */ = {
			isa = PBXNativeTarget;
			buildConfigurationList = 1E93EA3626BDF6CF00885977 /* Build configuration list for PBXNativeTarget "EarthQuakeLocations" */;
			buildPhases = (
				1E93EA0D26BDF6CB00885977 /* Sources */,
				1E93EA0E26BDF6CB00885977 /* Frameworks */,
				1E93EA0F26BDF6CB00885977 /* Resources */,
			);
			buildRules = (
			);
			dependencies = (
			);
			name = EarthQuakeLocations;
			productName = EarthQuakeLocations;
			productReference = 1E93EA1126BDF6CB00885977 /* EarthQuakeLocations.app */;
			productType = "com.apple.product-type.application";
		};
		1E93EA2126BDF6CF00885977 /* EarthQuakeLocationsTests */ = {
			isa = PBXNativeTarget;
			buildConfigurationList = 1E93EA3926BDF6CF00885977 /* Build configuration list for PBXNativeTarget "EarthQuakeLocationsTests" */;
			buildPhases = (
				1E93EA1E26BDF6CF00885977 /* Sources */,
				1E93EA1F26BDF6CF00885977 /* Frameworks */,
				1E93EA2026BDF6CF00885977 /* Resources */,
			);
			buildRules = (
			);
			dependencies = (
				1E93EA2426BDF6CF00885977 /* PBXTargetDependency */,
			);
			name = EarthQuakeLocationsTests;
			productName = EarthQuakeLocationsTests;
			productReference = 1E93EA2226BDF6CF00885977 /* EarthQuakeLocationsTests.xctest */;
			productType = "com.apple.product-type.bundle.unit-test";
		};
		1E93EA2C26BDF6CF00885977 /* EarthQuakeLocationsUITests */ = {
			isa = PBXNativeTarget;
			buildConfigurationList = 1E93EA3C26BDF6CF00885977 /* Build configuration list for PBXNativeTarget "EarthQuakeLocationsUITests" */;
			buildPhases = (
				1E93EA2926BDF6CF00885977 /* Sources */,
				1E93EA2A26BDF6CF00885977 /* Frameworks */,
				1E93EA2B26BDF6CF00885977 /* Resources */,
			);
			buildRules = (
			);
			dependencies = (
				1E93EA2F26BDF6CF00885977 /* PBXTargetDependency */,
			);
			name = EarthQuakeLocationsUITests;
			productName = EarthQuakeLocationsUITests;
			productReference = 1E93EA2D26BDF6CF00885977 /* EarthQuakeLocationsUITests.xctest */;
			productType = "com.apple.product-type.bundle.ui-testing";
		};
/* End PBXNativeTarget section */

/* Begin PBXProject section */
		1E93EA0926BDF6CB00885977 /* Project object */ = {
			isa = PBXProject;
			attributes = {
				LastSwiftUpdateCheck = 1250;
				LastUpgradeCheck = 1250;
				TargetAttributes = {
					1E93EA1026BDF6CB00885977 = {
						CreatedOnToolsVersion = 12.5.1;
					};
					1E93EA2126BDF6CF00885977 = {
						CreatedOnToolsVersion = 12.5.1;
						TestTargetID = 1E93EA1026BDF6CB00885977;
					};
					1E93EA2C26BDF6CF00885977 = {
						CreatedOnToolsVersion = 12.5.1;
						TestTargetID = 1E93EA1026BDF6CB00885977;
					};
				};
			};
			buildConfigurationList = 1E93EA0C26BDF6CB00885977 /* Build configuration list for PBXProject "EarthQuakeLocations" */;
			compatibilityVersion = "Xcode 9.3";
			developmentRegion = en;
			hasScannedForEncodings = 0;
			knownRegions = (
				en,
				Base,
			);
			mainGroup = 1E93EA0826BDF6CB00885977;
			productRefGroup = 1E93EA1226BDF6CB00885977 /* Products */;
			projectDirPath = "";
			projectRoot = "";
			targets = (
				1E93EA1026BDF6CB00885977 /* EarthQuakeLocations */,
				1E93EA2126BDF6CF00885977 /* EarthQuakeLocationsTests */,
				1E93EA2C26BDF6CF00885977 /* EarthQuakeLocationsUITests */,
			);
		};
/* End PBXProject section */

/* Begin PBXResourcesBuildPhase section */
		1E93EA0F26BDF6CB00885977 /* Resources */ = {
			isa = PBXResourcesBuildPhase;
			buildActionMask = 2147483647;
			files = (
				1E93EA1C26BDF6CE00885977 /* Preview Assets.xcassets in Resources */,
				1E93EA1926BDF6CE00885977 /* Assets.xcassets in Resources */,
			);
			runOnlyForDeploymentPostprocessing = 0;
		};
		1E93EA2026BDF6CF00885977 /* Resources */ = {
			isa = PBXResourcesBuildPhase;
			buildActionMask = 2147483647;
			files = (
			);
			runOnlyForDeploymentPostprocessing = 0;
		};
		1E93EA2B26BDF6CF00885977 /* Resources */ = {
			isa = PBXResourcesBuildPhase;
			buildActionMask = 2147483647;
			files = (
			);
			runOnlyForDeploymentPostprocessing = 0;
		};
/* End PBXResourcesBuildPhase section */

/* Begin PBXSourcesBuildPhase section */
		1E93EA0D26BDF6CB00885977 /* Sources */ = {
			isa = PBXSourcesBuildPhase;
			buildActionMask = 2147483647;
			files = (
				1E93EA1726BDF6CB00885977 /* ContentView.swift in Sources */,
				1E93EA1526BDF6CB00885977 /* EarthQuakeLocationsApp.swift in Sources */,
			);
			runOnlyForDeploymentPostprocessing = 0;
		};
		1E93EA1E26BDF6CF00885977 /* Sources */ = {
			isa = PBXSourcesBuildPhase;
			buildActionMask = 2147483647;
			files = (
				1E93EA2726BDF6CF00885977 /* EarthQuakeLocationsTests.swift in Sources */,
			);
			runOnlyForDeploymentPostprocessing = 0;
		};
		1E93EA2926BDF6CF00885977 /* Sources */ = {
			isa = PBXSourcesBuildPhase;
			buildActionMask = 2147483647;
			files = (
				1E93EA3226BDF6CF00885977 /* EarthQuakeLocationsUITests.swift in Sources */,
			);
			runOnlyForDeploymentPostprocessing = 0;
		};
/* End PBXSourcesBuildPhase section */

/* Begin PBXTargetDependency section */
		1E93EA2426BDF6CF00885977 /* PBXTargetDependency */ = {
			isa = PBXTargetDependency;
			target = 1E93EA1026BDF6CB00885977 /* EarthQuakeLocations */;
			targetProxy = 1E93EA2326BDF6CF00885977 /* PBXContainerItemProxy */;
		};
		1E93EA2F26BDF6CF00885977 /* PBXTargetDependency */ = {
			isa = PBXTargetDependency;
			target = 1E93EA1026BDF6CB00885977 /* EarthQuakeLocations */;
			targetProxy = 1E93EA2E26BDF6CF00885977 /* PBXContainerItemProxy */;
		};
/* End PBXTargetDependency section */

/* Begin XCBuildConfiguration section */
		1E93EA3426BDF6CF00885977 /* Debug */ = {
			isa = XCBuildConfiguration;
			buildSettings = {
				ALWAYS_SEARCH_USER_PATHS = NO;
				CLANG_ANALYZER_NONNULL = YES;
				CLANG_ANALYZER_NUMBER_OBJECT_CONVERSION = YES_AGGRESSIVE;
				CLANG_CXX_LANGUAGE_STANDARD = "gnu++14";
				CLANG_CXX_LIBRARY = "libc++";
				CLANG_ENABLE_MODULES = YES;
				CLANG_ENABLE_OBJC_ARC = YES;
				CLANG_ENABLE_OBJC_WEAK = YES;
				CLANG_WARN_BLOCK_CAPTURE_AUTORELEASING = YES;
				CLANG_WARN_BOOL_CONVERSION = YES;
				CLANG_WARN_COMMA = YES;
				CLANG_WARN_CONSTANT_CONVERSION = YES;
				CLANG_WARN_DEPRECATED_OBJC_IMPLEMENTATIONS = YES;
				CLANG_WARN_DIRECT_OBJC_ISA_USAGE = YES_ERROR;
				CLANG_WARN_DOCUMENTATION_COMMENTS = YES;
				CLANG_WARN_EMPTY_BODY = YES;
				CLANG_WARN_ENUM_CONVERSION = YES;
				CLANG_WARN_INFINITE_RECURSION = YES;
				CLANG_WARN_INT_CONVERSION = YES;
				CLANG_WARN_NON_LITERAL_NULL_CONVERSION = YES;
				CLANG_WARN_OBJC_IMPLICIT_RETAIN_SELF = YES;
				CLANG_WARN_OBJC_LITERAL_CONVERSION = YES;
				CLANG_WARN_OBJC_ROOT_CLASS = YES_ERROR;
				CLANG_WARN_QUOTED_INCLUDE_IN_FRAMEWORK_HEADER = YES;
				CLANG_WARN_RANGE_LOOP_ANALYSIS = YES;
				CLANG_WARN_STRICT_PROTOTYPES = YES;
				CLANG_WARN_SUSPICIOUS_MOVE = YES;
				CLANG_WARN_UNGUARDED_AVAILABILITY = YES_AGGRESSIVE;
				CLANG_WARN_UNREACHABLE_CODE = YES;
				CLANG_WARN__DUPLICATE_METHOD_MATCH = YES;
				COPY_PHASE_STRIP = NO;
				DEBUG_INFORMATION_FORMAT = dwarf;
				ENABLE_STRICT_OBJC_MSGSEND = YES;
				ENABLE_TESTABILITY = YES;
				GCC_C_LANGUAGE_STANDARD = gnu11;
				GCC_DYNAMIC_NO_PIC = NO;
				GCC_NO_COMMON_BLOCKS = YES;
				GCC_OPTIMIZATION_LEVEL = 0;
				GCC_PREPROCESSOR_DEFINITIONS = (
					"DEBUG=1",
					"$(inherited)",
				);
				GCC_WARN_64_TO_32_BIT_CONVERSION = YES;
				GCC_WARN_ABOUT_RETURN_TYPE = YES_ERROR;
				GCC_WARN_UNDECLARED_SELECTOR = YES;
				GCC_WARN_UNINITIALIZED_AUTOS = YES_AGGRESSIVE;
				GCC_WARN_UNUSED_FUNCTION = YES;
				GCC_WARN_UNUSED_VARIABLE = YES;
				IPHONEOS_DEPLOYMENT_TARGET = 14.5;
				MTL_ENABLE_DEBUG_INFO = INCLUDE_SOURCE;
				MTL_FAST_MATH = YES;
				ONLY_ACTIVE_ARCH = YES;
				SDKROOT = iphoneos;
				SWIFT_ACTIVE_COMPILATION_CONDITIONS = DEBUG;
				SWIFT_OPTIMIZATION_LEVEL = "-Onone";
			};
			name = Debug;
		};
		1E93EA3526BDF6CF00885977 /* Release */ = {
			isa = XCBuildConfiguration;
			buildSettings = {
				ALWAYS_SEARCH_USER_PATHS = NO;
				CLANG_ANALYZER_NONNULL = YES;
				CLANG_ANALYZER_NUMBER_OBJECT_CONVERSION = YES_AGGRESSIVE;
				CLANG_CXX_LANGUAGE_STANDARD = "gnu++14";
				CLANG_CXX_LIBRARY = "libc++";
				CLANG_ENABLE_MODULES = YES;
				CLANG_ENABLE_OBJC_ARC = YES;
				CLANG_ENABLE_OBJC_WEAK = YES;
				CLANG_WARN_BLOCK_CAPTURE_AUTORELEASING = YES;
				CLANG_WARN_BOOL_CONVERSION = YES;
				CLANG_WARN_COMMA = YES;
				CLANG_WARN_CONSTANT_CONVERSION = YES;
				CLANG_WARN_DEPRECATED_OBJC_IMPLEMENTATIONS = YES;
				CLANG_WARN_DIRECT_OBJC_ISA_USAGE = YES_ERROR;
				CLANG_WARN_DOCUMENTATION_COMMENTS = YES;
				CLANG_WARN_EMPTY_BODY = YES;
				CLANG_WARN_ENUM_CONVERSION = YES;
				CLANG_WARN_INFINITE_RECURSION = YES;
				CLANG_WARN_INT_CONVERSION = YES;
				CLANG_WARN_NON_LITERAL_NULL_CONVERSION = YES;
				CLANG_WARN_OBJC_IMPLICIT_RETAIN_SELF = YES;
				CLANG_WARN_OBJC_LITERAL_CONVERSION = YES;
				CLANG_WARN_OBJC_ROOT_CLASS = YES_ERROR;
				CLANG_WARN_QUOTED_INCLUDE_IN_FRAMEWORK_HEADER = YES;
				CLANG_WARN_RANGE_LOOP_ANALYSIS = YES;
				CLANG_WARN_STRICT_PROTOTYPES = YES;
				CLANG_WARN_SUSPICIOUS_MOVE = YES;
				CLANG_WARN_UNGUARDED_AVAILABILITY = YES_AGGRESSIVE;
				CLANG_WARN_UNREACHABLE_CODE = YES;
				CLANG_WARN__DUPLICATE_METHOD_MATCH = YES;
				COPY_PHASE_STRIP = NO;
				DEBUG_INFORMATION_FORMAT = "dwarf-with-dsym";
				ENABLE_NS_ASSERTIONS = NO;
				ENABLE_STRICT_OBJC_MSGSEND = YES;
				GCC_C_LANGUAGE_STANDARD = gnu11;
				GCC_NO_COMMON_BLOCKS = YES;
				GCC_WARN_64_TO_32_BIT_CONVERSION = YES;
				GCC_WARN_ABOUT_RETURN_TYPE = YES_ERROR;
				GCC_WARN_UNDECLARED_SELECTOR = YES;
				GCC_WARN_UNINITIALIZED_AUTOS = YES_AGGRESSIVE;
				GCC_WARN_UNUSED_FUNCTION = YES;
				GCC_WARN_UNUSED_VARIABLE = YES;
				IPHONEOS_DEPLOYMENT_TARGET = 14.5;
				MTL_ENABLE_DEBUG_INFO = NO;
				MTL_FAST_MATH = YES;
				SDKROOT = iphoneos;
				SWIFT_COMPILATION_MODE = wholemodule;
				SWIFT_OPTIMIZATION_LEVEL = "-O";
				VALIDATE_PRODUCT = YES;
			};
			name = Release;
		};
		1E93EA3726BDF6CF00885977 /* Debug */ = {
			isa = XCBuildConfiguration;
			buildSettings = {
				ASSETCATALOG_COMPILER_APPICON_NAME = AppIcon;
				ASSETCATALOG_COMPILER_GLOBAL_ACCENT_COLOR_NAME = AccentColor;
				CODE_SIGN_STYLE = Automatic;
				DEVELOPMENT_ASSET_PATHS = "\"EarthQuakeLocations/Preview Content\"";
				DEVELOPMENT_TEAM = 8333M6GL3P;
				ENABLE_PREVIEWS = YES;
				INFOPLIST_FILE = EarthQuakeLocations/Info.plist;
				IPHONEOS_DEPLOYMENT_TARGET = 14.0;
				LD_RUNPATH_SEARCH_PATHS = (
					"$(inherited)",
					"@executable_path/Frameworks",
				);
				PRODUCT_BUNDLE_IDENTIFIER = Demo.EarthQuakeLocations;
				PRODUCT_NAME = "$(TARGET_NAME)";
				SWIFT_VERSION = 5.0;
				TARGETED_DEVICE_FAMILY = "1,2";
			};
			name = Debug;
		};
		1E93EA3826BDF6CF00885977 /* Release */ = {
			isa = XCBuildConfiguration;
			buildSettings = {
				ASSETCATALOG_COMPILER_APPICON_NAME = AppIcon;
				ASSETCATALOG_COMPILER_GLOBAL_ACCENT_COLOR_NAME = AccentColor;
				CODE_SIGN_STYLE = Automatic;
				DEVELOPMENT_ASSET_PATHS = "\"EarthQuakeLocations/Preview Content\"";
				DEVELOPMENT_TEAM = 8333M6GL3P;
				ENABLE_PREVIEWS = YES;
				INFOPLIST_FILE = EarthQuakeLocations/Info.plist;
				IPHONEOS_DEPLOYMENT_TARGET = 14.0;
				LD_RUNPATH_SEARCH_PATHS = (
					"$(inherited)",
					"@executable_path/Frameworks",
				);
				PRODUCT_BUNDLE_IDENTIFIER = Demo.EarthQuakeLocations;
				PRODUCT_NAME = "$(TARGET_NAME)";
				SWIFT_VERSION = 5.0;
				TARGETED_DEVICE_FAMILY = "1,2";
			};
			name = Release;
		};
		1E93EA3A26BDF6CF00885977 /* Debug */ = {
			isa = XCBuildConfiguration;
			buildSettings = {
				ALWAYS_EMBED_SWIFT_STANDARD_LIBRARIES = YES;
				BUNDLE_LOADER = "$(TEST_HOST)";
				CODE_SIGN_STYLE = Automatic;
				DEVELOPMENT_TEAM = 8333M6GL3P;
				INFOPLIST_FILE = EarthQuakeLocationsTests/Info.plist;
				IPHONEOS_DEPLOYMENT_TARGET = 14.0;
				LD_RUNPATH_SEARCH_PATHS = (
					"$(inherited)",
					"@executable_path/Frameworks",
					"@loader_path/Frameworks",
				);
				PRODUCT_BUNDLE_IDENTIFIER = Demo.EarthQuakeLocationsTests;
				PRODUCT_NAME = "$(TARGET_NAME)";
				SWIFT_VERSION = 5.0;
				TARGETED_DEVICE_FAMILY = "1,2";
				TEST_HOST = "$(BUILT_PRODUCTS_DIR)/EarthQuakeLocations.app/EarthQuakeLocations";
			};
			name = Debug;
		};
		1E93EA3B26BDF6CF00885977 /* Release */ = {
			isa = XCBuildConfiguration;
			buildSettings = {
				ALWAYS_EMBED_SWIFT_STANDARD_LIBRARIES = YES;
				BUNDLE_LOADER = "$(TEST_HOST)";
				CODE_SIGN_STYLE = Automatic;
				DEVELOPMENT_TEAM = 8333M6GL3P;
				INFOPLIST_FILE = EarthQuakeLocationsTests/Info.plist;
				IPHONEOS_DEPLOYMENT_TARGET = 14.0;
				LD_RUNPATH_SEARCH_PATHS = (
					"$(inherited)",
					"@executable_path/Frameworks",
					"@loader_path/Frameworks",
				);
				PRODUCT_BUNDLE_IDENTIFIER = Demo.EarthQuakeLocationsTests;
				PRODUCT_NAME = "$(TARGET_NAME)";
				SWIFT_VERSION = 5.0;
				TARGETED_DEVICE_FAMILY = "1,2";
				TEST_HOST = "$(BUILT_PRODUCTS_DIR)/EarthQuakeLocations.app/EarthQuakeLocations";
			};
			name = Release;
		};
		1E93EA3D26BDF6CF00885977 /* Debug */ = {
			isa = XCBuildConfiguration;
			buildSettings = {
				ALWAYS_EMBED_SWIFT_STANDARD_LIBRARIES = YES;
				CODE_SIGN_STYLE = Automatic;
				DEVELOPMENT_TEAM = 8333M6GL3P;
				INFOPLIST_FILE = EarthQuakeLocationsUITests/Info.plist;
				LD_RUNPATH_SEARCH_PATHS = (
					"$(inherited)",
					"@executable_path/Frameworks",
					"@loader_path/Frameworks",
				);
				PRODUCT_BUNDLE_IDENTIFIER = Demo.EarthQuakeLocationsUITests;
				PRODUCT_NAME = "$(TARGET_NAME)";
				SWIFT_VERSION = 5.0;
				TARGETED_DEVICE_FAMILY = "1,2";
				TEST_TARGET_NAME = EarthQuakeLocations;
			};
			name = Debug;
		};
		1E93EA3E26BDF6CF00885977 /* Release */ = {
			isa = XCBuildConfiguration;
			buildSettings = {
				ALWAYS_EMBED_SWIFT_STANDARD_LIBRARIES = YES;
				CODE_SIGN_STYLE = Automatic;
				DEVELOPMENT_TEAM = 8333M6GL3P;
				INFOPLIST_FILE = EarthQuakeLocationsUITests/Info.plist;
				LD_RUNPATH_SEARCH_PATHS = (
					"$(inherited)",
					"@executable_path/Frameworks",
					"@loader_path/Frameworks",
				);
				PRODUCT_BUNDLE_IDENTIFIER = Demo.EarthQuakeLocationsUITests;
				PRODUCT_NAME = "$(TARGET_NAME)";
				SWIFT_VERSION = 5.0;
				TARGETED_DEVICE_FAMILY = "1,2";
				TEST_TARGET_NAME = EarthQuakeLocations;
			};
			name = Release;
		};
/* End XCBuildConfiguration section */

/* Begin XCConfigurationList section */
		1E93EA0C26BDF6CB00885977 /* Build configuration list for PBXProject "EarthQuakeLocations" */ = {
			isa = XCConfigurationList;
			buildConfigurations = (
				1E93EA3426BDF6CF00885977 /* Debug */,
				1E93EA3526BDF6CF00885977 /* Release */,
			);
			defaultConfigurationIsVisible = 0;
			defaultConfigurationName = Release;
		};
		1E93EA3626BDF6CF00885977 /* Build configuration list for PBXNativeTarget "EarthQuakeLocations" */ = {
			isa = XCConfigurationList;
			buildConfigurations = (
				1E93EA3726BDF6CF00885977 /* Debug */,
				1E93EA3826BDF6CF00885977 /* Release */,
			);
			defaultConfigurationIsVisible = 0;
			defaultConfigurationName = Release;
		};
		1E93EA3926BDF6CF00885977 /* Build configuration list for PBXNativeTarget "EarthQuakeLocationsTests" */ = {
			isa = XCConfigurationList;
			buildConfigurations = (
				1E93EA3A26BDF6CF00885977 /* Debug */,
				1E93EA3B26BDF6CF00885977 /* Release */,
			);
			defaultConfigurationIsVisible = 0;
			defaultConfigurationName = Release;
		};
		1E93EA3C26BDF6CF00885977 /* Build configuration list for PBXNativeTarget "EarthQuakeLocationsUITests" */ = {
			isa = XCConfigurationList;
			buildConfigurations = (
				1E93EA3D26BDF6CF00885977 /* Debug */,
				1E93EA3E26BDF6CF00885977 /* Release */,
			);
			defaultConfigurationIsVisible = 0;
			defaultConfigurationName = Release;
		};
/* End XCConfigurationList section */
	};
	rootObject = 1E93EA0926BDF6CB00885977 /* Project object */;
}
